<?xml version="1.0" encoding="utf-8"?>
<Project ToolsVersion="4.0" xmlns="http://schemas.microsoft.com/developer/msbuild/2003">
  <ItemGroup>
    <Filter Include="Source Files">
      <UniqueIdentifier>{4FC737F1-C7A5-4376-A066-2A32D752A2FF}</UniqueIdentifier>
      <Extensions>cpp;c;cc;cxx;def;odl;idl;hpj;bat;asm;asmx</Extensions>
    </Filter>
    <Filter Include="Header Files">
      <UniqueIdentifier>{93995380-89BD-4b04-88EB-625FBE52EBFB}</UniqueIdentifier>
      <Extensions>h;hh;hpp;hxx;hm;inl;inc;xsd</Extensions>
    </Filter>
    <Filter Include="Resource Files">
      <UniqueIdentifier>{67DA6AB6-F800-4c08-8B7A-83BB121AAD01}</UniqueIdentifier>
      <Extensions>rc;ico;cur;bmp;dlg;rc2;rct;bin;rgs;gif;jpg;jpeg;jpe;resx;tiff;tif;png;wav;mfcribbon-ms</Extensions>
    </Filter>
  </ItemGroup>
  <ItemGroup>
    <Text Include="ReadMe.txt" />
  </ItemGroup>
  <ItemGroup>
    <ClInclude Include="Rendering\OGLRenderer.h">
      <Filter>Header Files</Filter>
    </ClInclude>
    <ClInclude Include="Shaders\Shader.h">
      <Filter>Header Files</Filter>
    </ClInclude>
    <ClInclude Include="Graphics Pipeline\GraphicsModule.h">
      <Filter>Header Files</Filter>
    </ClInclude>
    <ClInclude Include="GraphicsCommon.h">
      <Filter>Header Files</Filter>
    </ClInclude>
    <ClInclude Include="Graphics Pipeline\Graphics Settings\BPLighting.h">
      <Filter>Header Files</Filter>
    </ClInclude>
    <ClInclude Include="Graphics Pipeline\Graphics Settings\GBuffer.h">
      <Filter>Header Files</Filter>
    </ClInclude>
    <ClInclude Include="Graphics Pipeline\Graphics Settings\Shadows.h">
      <Filter>Header Files</Filter>
    </ClInclude>
    <ClInclude Include="Graphics Pipeline\Graphics Settings\SSAO.h">
      <Filter>Header Files</Filter>
    </ClInclude>
    <ClInclude Include="Scene Management\SceneNode.h">
      <Filter>Header Files</Filter>
    </ClInclude>
    <ClInclude Include="GraphicsUtility.h">
      <Filter>Header Files</Filter>
    </ClInclude>
    <ClInclude Include="Meshes\SubMesh.h">
      <Filter>Header Files</Filter>
    </ClInclude>
    <ClInclude Include="Meshes\Mesh.h">
      <Filter>Header Files</Filter>
    </ClInclude>
    <ClInclude Include="Utility\Light.h">
      <Filter>Header Files</Filter>
    </ClInclude>
    <ClInclude Include="Utility\Camera.h">
      <Filter>Header Files</Filter>
    </ClInclude>
    <ClInclude Include="NCLGL Legacy\LegacyMesh.h">
      <Filter>Header Files</Filter>
    </ClInclude>
    <ClInclude Include="Graphics Pipeline\PipelineConfiguration.h">
      <Filter>Header Files</Filter>
    </ClInclude>
    <ClInclude Include="Scene Management\SceneManager.h">
      <Filter>Header Files</Filter>
    </ClInclude>
    <ClInclude Include="Rendering\Renderer.h">
      <Filter>Header Files</Filter>
    </ClInclude>
    <ClInclude Include="Graphics Pipeline\GraphicsPipeline.h">
      <Filter>Header Files</Filter>
    </ClInclude>
    <ClInclude Include="Graphics Pipeline\Graphics Settings\BasicGeometry.h">
      <Filter>Header Files</Filter>
    </ClInclude>
    <ClInclude Include="Utility\Frustum.h">
      <Filter>Header Files</Filter>
    </ClInclude>
    <ClInclude Include="Rendering\RenderingSystem.h">
      <Filter>Header Files</Filter>
    </ClInclude>
    <ClInclude Include="Graphics Pipeline\Graphics Settings\UIModule.h">
      <Filter>Header Files</Filter>
    </ClInclude>
    <ClInclude Include="Meshes\TextMesh.h">
      <Filter>Header Files</Filter>
    </ClInclude>
    <ClInclude Include="Text.h">
      <Filter>Header Files</Filter>
    </ClInclude>
    <ClInclude Include="Graphics Pipeline\Graphics Settings\Skybox.h">
      <Filter>Header Files</Filter>
    </ClInclude>
    <ClInclude Include="Graphics Pipeline\Graphics Settings\PaintTrail.h">
      <Filter>Header Files</Filter>
    </ClInclude>
    <ClInclude Include="Graphics Pipeline\Graphics Settings\GameText.h">
      <Filter>Header Files</Filter>
    </ClInclude>
    <ClInclude Include="Graphics Pipeline\Graphics Settings\ScoreCounter.h">
      <Filter>Header Files</Filter>
    </ClInclude>
    <ClInclude Include="Shaders\ComputeShader.h">
      <Filter>Header Files</Filter>
    </ClInclude>
    <ClInclude Include="Graphics Pipeline\Graphics Settings\Wireframe.h">
      <Filter>Header Files</Filter>
    </ClInclude>
  </ItemGroup>
  <ItemGroup>
    <ClCompile Include="Rendering\OGLRenderer.cpp">
      <Filter>Source Files</Filter>
    </ClCompile>
    <ClCompile Include="Shaders\Shader.cpp">
      <Filter>Source Files</Filter>
    </ClCompile>
    <ClCompile Include="Graphics Pipeline\Graphics Settings\BPLighting.cpp">
      <Filter>Source Files</Filter>
    </ClCompile>
    <ClCompile Include="Graphics Pipeline\Graphics Settings\GBuffer.cpp">
      <Filter>Source Files</Filter>
    </ClCompile>
    <ClCompile Include="Graphics Pipeline\Graphics Settings\Shadows.cpp">
      <Filter>Source Files</Filter>
    </ClCompile>
    <ClCompile Include="Graphics Pipeline\Graphics Settings\SSAO.cpp">
      <Filter>Source Files</Filter>
    </ClCompile>
    <ClCompile Include="Scene Management\SceneNode.cpp">
      <Filter>Source Files</Filter>
    </ClCompile>
    <ClCompile Include="Meshes\SubMesh.cpp">
      <Filter>Source Files</Filter>
    </ClCompile>
    <ClCompile Include="Meshes\Mesh.cpp">
      <Filter>Source Files</Filter>
    </ClCompile>
    <ClCompile Include="Utility\Light.cpp">
      <Filter>Source Files</Filter>
    </ClCompile>
    <ClCompile Include="Utility\Camera.cpp">
      <Filter>Source Files</Filter>
    </ClCompile>
    <ClCompile Include="NCLGL Legacy\LegacyMesh.cpp">
      <Filter>Source Files</Filter>
    </ClCompile>
    <ClCompile Include="Graphics Pipeline\PipelineConfiguration.cpp">
      <Filter>Source Files</Filter>
    </ClCompile>
    <ClCompile Include="Scene Management\SceneManager.cpp">
      <Filter>Source Files</Filter>
    </ClCompile>
    <ClCompile Include="Rendering\Renderer.cpp">
      <Filter>Source Files</Filter>
    </ClCompile>
    <ClCompile Include="Graphics Pipeline\GraphicsPipeline.cpp">
      <Filter>Source Files</Filter>
    </ClCompile>
    <ClCompile Include="Graphics Pipeline\Graphics Settings\BasicGeometry.cpp">
      <Filter>Source Files</Filter>
    </ClCompile>
    <ClCompile Include="Utility\Frustum.cpp">
      <Filter>Source Files</Filter>
    </ClCompile>
    <ClCompile Include="Rendering\RenderingSystem.cpp">
      <Filter>Source Files</Filter>
    </ClCompile>
    <ClCompile Include="Graphics Pipeline\Graphics Settings\UIModule.cpp">
      <Filter>Source Files</Filter>
    </ClCompile>
    <ClCompile Include="Meshes\TextMesh.cpp">
      <Filter>Source Files</Filter>
    </ClCompile>
    <ClCompile Include="Graphics Pipeline\Graphics Settings\Skybox.cpp">
      <Filter>Source Files</Filter>
    </ClCompile>
    <ClCompile Include="Graphics Pipeline\Graphics Settings\PaintTrail.cpp">
      <Filter>Source Files</Filter>
    </ClCompile>
    <ClCompile Include="Graphics Pipeline\Graphics Settings\GameText.cpp">
      <Filter>Source Files</Filter>
    </ClCompile>
    <ClCompile Include="Graphics Pipeline\Graphics Settings\ScoreCounter.cpp">
      <Filter>Source Files</Filter>
    </ClCompile>
    <ClCompile Include="Shaders\ComputeShader.cpp">
      <Filter>Source Files</Filter>
    </ClCompile>
    <ClCompile Include="GraphicsCommon.cpp">
      <Filter>Source Files</Filter>
    </ClCompile>
    <ClCompile Include="Graphics Pipeline\Graphics Settings\Wireframe.cpp">
      <Filter>Source Files</Filter>
    </ClCompile>
  </ItemGroup>
</Project>