<?xml version="1.0" encoding="utf-8"?>
<Project ToolsVersion="4.0" xmlns="http://schemas.microsoft.com/developer/msbuild/2003">
  <ItemGroup>
    <Filter Include="Source Files">
      <UniqueIdentifier>{4FC737F1-C7A5-4376-A066-2A32D752A2FF}</UniqueIdentifier>
      <Extensions>cpp;c;cc;cxx;def;odl;idl;hpj;bat;asm;asmx</Extensions>
    </Filter>
    <Filter Include="Header Files">
      <UniqueIdentifier>{93995380-89BD-4b04-88EB-625FBE52EBFB}</UniqueIdentifier>
      <Extensions>h;hh;hpp;hxx;hm;inl;inc;xsd</Extensions>
    </Filter>
    <Filter Include="Resource Files">
      <UniqueIdentifier>{67DA6AB6-F800-4c08-8B7A-83BB121AAD01}</UniqueIdentifier>
      <Extensions>rc;ico;cur;bmp;dlg;rc2;rct;bin;rgs;gif;jpg;jpeg;jpe;resx;tiff;tif;png;wav;mfcribbon-ms</Extensions>
    </Filter>
  </ItemGroup>
  <ItemGroup>
    <ClInclude Include="Message.h">
      <Filter>Header Files</Filter>
    </ClInclude>
    <ClInclude Include="MessageProcessor.h">
      <Filter>Header Files</Filter>
    </ClInclude>
    <ClInclude Include="MessageStorage.h">
      <Filter>Header Files</Filter>
    </ClInclude>
    <ClInclude Include="DeliverySystem.h">
      <Filter>Header Files</Filter>
    </ClInclude>
    <ClInclude Include="Messages\PlayerInputMessage.h">
      <Filter>Header Files</Filter>
    </ClInclude>
    <ClInclude Include="LetterBox.h">
      <Filter>Header Files</Filter>
    </ClInclude>
    <ClInclude Include="MessagingService.h">
      <Filter>Header Files</Filter>
    </ClInclude>
    <ClInclude Include="Messages\TextMessage.h">
      <Filter>Header Files</Filter>
    </ClInclude>
    <ClInclude Include="Messages\RelativeTransformMessage.h">
      <Filter>Header Files</Filter>
    </ClInclude>
    <ClInclude Include="Messages\PlaySoundMessage.h">
      <Filter>Header Files</Filter>
    </ClInclude>
    <ClInclude Include="Messages\StopSoundMessage.h">
      <Filter>Header Files</Filter>
    </ClInclude>
    <ClInclude Include="Messages\PlayMovingSoundMessage.h">
      <Filter>Header Files</Filter>
    </ClInclude>
    <ClInclude Include="Messages\ToggleGraphicsModuleMessage.h">
      <Filter>Header Files</Filter>
    </ClInclude>
    <ClInclude Include="Messages\ApplyForceMessage.h">
      <Filter>Header Files</Filter>
    </ClInclude>
    <ClInclude Include="MessageBuffer.h">
      <Filter>Header Files</Filter>
    </ClInclude>
    <ClInclude Include="Messages\MoveCameraRelativeToGameObjectMessage.h">
      <Filter>Header Files</Filter>
    </ClInclude>
    <ClInclude Include="Messages\ApplyImpulseMessage.h">
      <Filter>Header Files</Filter>
    </ClInclude>
    <ClInclude Include="Messages\CollisionMessage.h">
      <Filter>Header Files</Filter>
    </ClInclude>
    <ClInclude Include="Messages\PreparePaintSurfaceMessage.h">
      <Filter>Header Files</Filter>
    </ClInclude>
    <ClInclude Include="Messages\PaintTrailForGameObjectMessage.h">
      <Filter>Header Files</Filter>
    </ClInclude>
    <ClInclude Include="Messages\UpdatePositionMessage.h">
      <Filter>Header Files</Filter>
    </ClInclude>
    <ClInclude Include="Messages\TextMeshMessage.h">
      <Filter>Header Files</Filter>
    </ClInclude>
    <ClInclude Include="Messages\AddScoreHolderMessage.h">
      <Filter>Header Files</Filter>
    </ClInclude>
    <ClInclude Include="SendMessageActionBuilder.h">
      <Filter>Header Files</Filter>
    </ClInclude>
    <ClInclude Include="Messages\AbsoluteTransformMessage.h">
      <Filter>Header Files</Filter>
    </ClInclude>
    <ClInclude Include="Messages\MoveGameObjectMessage.h">
      <Filter>Header Files</Filter>
    </ClInclude>
    <ClInclude Include="Messages\ScaleGameObjectMessage.h">
      <Filter>Header Files</Filter>
    </ClInclude>
    <ClInclude Include="Messages\RotateGameObjectMessage.h">
      <Filter>Header Files</Filter>
    </ClInclude>
    <ClInclude Include="Messages\ToggleGameObjectMessage.h">
      <Filter>Header Files</Filter>
    </ClInclude>
    <ClInclude Include="Messages\DebugLineMessage.h">
      <Filter>Header Files</Filter>
    </ClInclude>
    <ClInclude Include="ThreadSafeMessageBuffer.h">
      <Filter>Header Files</Filter>
    </ClInclude>
    <ClInclude Include="Messages\DebugSphereMessage.h">
      <Filter>Header Files</Filter>
    </ClInclude>
  </ItemGroup>
  <ItemGroup>
    <ClCompile Include="Message.cpp">
      <Filter>Source Files</Filter>
    </ClCompile>
    <ClCompile Include="MessageProcessor.cpp">
      <Filter>Source Files</Filter>
    </ClCompile>
    <ClCompile Include="DeliverySystem.cpp">
      <Filter>Source Files</Filter>
    </ClCompile>
    <ClCompile Include="Messages\PlayerInputMessage.cpp">
      <Filter>Source Files</Filter>
    </ClCompile>
    <ClCompile Include="LetterBox.cpp">
      <Filter>Source Files</Filter>
    </ClCompile>
    <ClCompile Include="Messages\TextMessage.cpp">
      <Filter>Source Files</Filter>
    </ClCompile>
    <ClCompile Include="Messages\RelativeTransformMessage.cpp">
      <Filter>Source Files</Filter>
    </ClCompile>
    <ClCompile Include="Messages\PlaySoundMessage.cpp">
      <Filter>Source Files</Filter>
    </ClCompile>
    <ClCompile Include="Messages\StopSoundMessage.cpp">
      <Filter>Source Files</Filter>
    </ClCompile>
    <ClCompile Include="Messages\PlayMovingSoundMessage.cpp">
      <Filter>Source Files</Filter>
    </ClCompile>
    <ClCompile Include="Messages\ToggleGraphicsModuleMessage.cpp">
      <Filter>Source Files</Filter>
    </ClCompile>
    <ClCompile Include="Messages\ApplyForceMessage.cpp">
      <Filter>Source Files</Filter>
    </ClCompile>
    <ClCompile Include="MessageStorage.cpp">
      <Filter>Source Files</Filter>
    </ClCompile>
    <ClCompile Include="Messages\MoveCameraRelativeToGameObjectMessage.cpp">
      <Filter>Source Files</Filter>
    </ClCompile>
    <ClCompile Include="Messages\ApplyImpulseMessage.cpp">
      <Filter>Source Files</Filter>
    </ClCompile>
    <ClCompile Include="Messages\CollisionMessage.cpp">
      <Filter>Source Files</Filter>
    </ClCompile>
    <ClCompile Include="Messages\PreparePaintSurfaceMessage.cpp">
      <Filter>Source Files</Filter>
    </ClCompile>
    <ClCompile Include="Messages\PaintTrailForGameObjectMessage.cpp">
      <Filter>Source Files</Filter>
    </ClCompile>
    <ClCompile Include="Messages\UpdatePositionMessage.cpp">
      <Filter>Source Files</Filter>
    </ClCompile>
    <ClCompile Include="Messages\TextMeshMessage.cpp">
      <Filter>Source Files</Filter>
    </ClCompile>
    <ClCompile Include="Messages\AddScoreHolderMessage.cpp">
      <Filter>Source Files</Filter>
    </ClCompile>
    <ClCompile Include="SendMessageActionBuilder.cpp">
      <Filter>Source Files</Filter>
    </ClCompile>
    <ClCompile Include="Messages\AbsoluteTransformMessage.cpp">
      <Filter>Source Files</Filter>
    </ClCompile>
    <ClCompile Include="Messages\MoveGameObjectMessage.cpp">
      <Filter>Source Files</Filter>
    </ClCompile>
    <ClCompile Include="Messages\ScaleGameObjectMessage.cpp">
      <Filter>Source Files</Filter>
    </ClCompile>
    <ClCompile Include="Messages\RotateGameObjectMessage.cpp">
      <Filter>Source Files</Filter>
    </ClCompile>
    <ClCompile Include="Messages\ToggleGameObjectMessage.cpp">
      <Filter>Source Files</Filter>
    </ClCompile>
    <ClCompile Include="Messages\DebugLineMessage.cpp">
      <Filter>Source Files</Filter>
    </ClCompile>
    <ClCompile Include="Messages\DebugSphereMessage.cpp">
      <Filter>Source Files</Filter>
    </ClCompile>
  </ItemGroup>
</Project>